
Microsoft Visual Studio Solution File, Format Version 12.00
# Visual Studio Version 17
VisualStudioVersion = 17.9.34728.123
MinimumVisualStudioVersion = 10.0.40219.1
Project("{FAE04EC0-301F-11D3-BF4B-00C04F79EFBC}") = "AppCrud", "AppCrud.csproj", "{B32A3710-2A7C-4934-8026-CD838FE87591}"
EndProject
Global
	GlobalSection(SolutionConfigurationPlatforms) = preSolution
		Debug|Any CPU = Debug|Any CPU
		Release|Any CPU = Release|Any CPU
	EndGlobalSection
	GlobalSection(ProjectConfigurationPlatforms) = postSolution
		{B32A3710-2A7C-4934-8026-CD838FE87591}.Debug|Any CPU.ActiveCfg = Debug|Any CPU
		{B32A3710-2A7C-4934-8026-CD838FE87591}.Debug|Any CPU.Build.0 = Debug|Any CPU
		{B32A3710-2A7C-4934-8026-CD838FE87591}.Release|Any CPU.ActiveCfg = Release|Any CPU
		{B32A3710-2A7C-4934-8026-CD838FE87591}.Release|Any CPU.Build.0 = Release|Any CPU
	EndGlobalSection
	GlobalSection(SolutionProperties) = preSolution
		HideSolutionNode = FALSE
	EndGlobalSection
	GlobalSection(ExtensibilityGlobals) = postSolution
		SolutionGuid = {2E50E5CF-80AE-4C6C-AE24-EBE13C8383A0}
	EndGlobalSection
EndGlobal
